// !$*UTF8*$!
{
	archiveVersion = 1;
	classes = {
	};
	objectVersion = 50;
	objects = {

/* Begin PBXBuildFile section */
		5023863E2561C4060049B9C3 /* Pie.swift in Sources */ = {isa = PBXBuildFile; fileRef = 5023863D2561C4050049B9C3 /* Pie.swift */; };
		502386402561CAC00049B9C3 /* Cardify.swift in Sources */ = {isa = PBXBuildFile; fileRef = 5023863F2561CAC00049B9C3 /* Cardify.swift */; };
		50694E32254B2F3600DDA3B1 /* AppDelegate.swift in Sources */ = {isa = PBXBuildFile; fileRef = 50694E31254B2F3600DDA3B1 /* AppDelegate.swift */; };
		50694E34254B2F3600DDA3B1 /* SceneDelegate.swift in Sources */ = {isa = PBXBuildFile; fileRef = 50694E33254B2F3600DDA3B1 /* SceneDelegate.swift */; };
		50694E36254B2F3600DDA3B1 /* EmojiMemoryGameView.swift in Sources */ = {isa = PBXBuildFile; fileRef = 50694E35254B2F3600DDA3B1 /* EmojiMemoryGameView.swift */; };
		50694E38254B2F3C00DDA3B1 /* Assets.xcassets in Resources */ = {isa = PBXBuildFile; fileRef = 50694E37254B2F3C00DDA3B1 /* Assets.xcassets */; };
		50694E3B254B2F3C00DDA3B1 /* Preview Assets.xcassets in Resources */ = {isa = PBXBuildFile; fileRef = 50694E3A254B2F3C00DDA3B1 /* Preview Assets.xcassets */; };
		50694E3E254B2F3C00DDA3B1 /* LaunchScreen.storyboard in Resources */ = {isa = PBXBuildFile; fileRef = 50694E3C254B2F3C00DDA3B1 /* LaunchScreen.storyboard */; };
		50976D4425501A6400221EDF /* MemoryGame.swift in Sources */ = {isa = PBXBuildFile; fileRef = 50976D4325501A6400221EDF /* MemoryGame.swift */; };
		50976D4625501BB500221EDF /* EmojiMemoryGame.swift in Sources */ = {isa = PBXBuildFile; fileRef = 50976D4525501BB500221EDF /* EmojiMemoryGame.swift */; };
		50976D482550932A00221EDF /* Grid.swift in Sources */ = {isa = PBXBuildFile; fileRef = 50976D472550932A00221EDF /* Grid.swift */; };
		50976D4A2550980300221EDF /* GridLayout.swift in Sources */ = {isa = PBXBuildFile; fileRef = 50976D492550980300221EDF /* GridLayout.swift */; };
		50976D4C25509BD700221EDF /* Array+Identifiable.swift in Sources */ = {isa = PBXBuildFile; fileRef = 50976D4B25509BD700221EDF /* Array+Identifiable.swift */; };
		50976D4E2550ACD100221EDF /* Array+Only.swift in Sources */ = {isa = PBXBuildFile; fileRef = 50976D4D2550ACD100221EDF /* Array+Only.swift */; };
/* End PBXBuildFile section */

/* Begin PBXFileReference section */
		5023863D2561C4050049B9C3 /* Pie.swift */ = {isa = PBXFileReference; lastKnownFileType = sourcecode.swift; path = Pie.swift; sourceTree = "<group>"; };
		5023863F2561CAC00049B9C3 /* Cardify.swift */ = {isa = PBXFileReference; lastKnownFileType = sourcecode.swift; path = Cardify.swift; sourceTree = "<group>"; };
		50694E2E254B2F3600DDA3B1 /* Memorize.app */ = {isa = PBXFileReference; explicitFileType = wrapper.application; includeInIndex = 0; path = Memorize.app; sourceTree = BUILT_PRODUCTS_DIR; };
		50694E31254B2F3600DDA3B1 /* AppDelegate.swift */ = {isa = PBXFileReference; lastKnownFileType = sourcecode.swift; path = AppDelegate.swift; sourceTree = "<group>"; };
		50694E33254B2F3600DDA3B1 /* SceneDelegate.swift */ = {isa = PBXFileReference; lastKnownFileType = sourcecode.swift; path = SceneDelegate.swift; sourceTree = "<group>"; };
		50694E35254B2F3600DDA3B1 /* EmojiMemoryGameView.swift */ = {isa = PBXFileReference; lastKnownFileType = sourcecode.swift; path = EmojiMemoryGameView.swift; sourceTree = "<group>"; };
		50694E37254B2F3C00DDA3B1 /* Assets.xcassets */ = {isa = PBXFileReference; lastKnownFileType = folder.assetcatalog; path = Assets.xcassets; sourceTree = "<group>"; };
		50694E3A254B2F3C00DDA3B1 /* Preview Assets.xcassets */ = {isa = PBXFileReference; lastKnownFileType = folder.assetcatalog; path = "Preview Assets.xcassets"; sourceTree = "<group>"; };
		50694E3D254B2F3C00DDA3B1 /* Base */ = {isa = PBXFileReference; lastKnownFileType = file.storyboard; name = Base; path = Base.lproj/LaunchScreen.storyboard; sourceTree = "<group>"; };
		50694E3F254B2F3C00DDA3B1 /* Info.plist */ = {isa = PBXFileReference; lastKnownFileType = text.plist.xml; path = Info.plist; sourceTree = "<group>"; };
		50976D4325501A6400221EDF /* MemoryGame.swift */ = {isa = PBXFileReference; lastKnownFileType = sourcecode.swift; path = MemoryGame.swift; sourceTree = SOURCE_ROOT; };
		50976D4525501BB500221EDF /* EmojiMemoryGame.swift */ = {isa = PBXFileReference; lastKnownFileType = sourcecode.swift; path = EmojiMemoryGame.swift; sourceTree = "<group>"; };
		50976D472550932A00221EDF /* Grid.swift */ = {isa = PBXFileReference; lastKnownFileType = sourcecode.swift; path = Grid.swift; sourceTree = "<group>"; };
		50976D492550980300221EDF /* GridLayout.swift */ = {isa = PBXFileReference; fileEncoding = 4; lastKnownFileType = sourcecode.swift; path = GridLayout.swift; sourceTree = "<group>"; };
		50976D4B25509BD700221EDF /* Array+Identifiable.swift */ = {isa = PBXFileReference; lastKnownFileType = sourcecode.swift; path = "Array+Identifiable.swift"; sourceTree = "<group>"; };
		50976D4D2550ACD100221EDF /* Array+Only.swift */ = {isa = PBXFileReference; lastKnownFileType = sourcecode.swift; path = "Array+Only.swift"; sourceTree = "<group>"; };
/* End PBXFileReference section */

/* Begin PBXFrameworksBuildPhase section */
		50694E2B254B2F3600DDA3B1 /* Frameworks */ = {
			isa = PBXFrameworksBuildPhase;
			buildActionMask = 2147483647;
			files = (
			);
			runOnlyForDeploymentPostprocessing = 0;
		};
/* End PBXFrameworksBuildPhase section */

/* Begin PBXGroup section */
		50694E25254B2F3600DDA3B1 = {
			isa = PBXGroup;
			children = (
				50694E30254B2F3600DDA3B1 /* Memorize */,
				50694E2F254B2F3600DDA3B1 /* Products */,
			);
			sourceTree = "<group>";
		};
		50694E2F254B2F3600DDA3B1 /* Products */ = {
			isa = PBXGroup;
			children = (
				50694E2E254B2F3600DDA3B1 /* Memorize.app */,
			);
			name = Products;
			sourceTree = "<group>";
		};
		50694E30254B2F3600DDA3B1 /* Memorize */ = {
			isa = PBXGroup;
			children = (
				50694E35254B2F3600DDA3B1 /* EmojiMemoryGameView.swift */,
				5023863F2561CAC00049B9C3 /* Cardify.swift */,
				5023863D2561C4050049B9C3 /* Pie.swift */,
				50976D4525501BB500221EDF /* EmojiMemoryGame.swift */,
				50976D4325501A6400221EDF /* MemoryGame.swift */,
				50976D472550932A00221EDF /* Grid.swift */,
				50976D492550980300221EDF /* GridLayout.swift */,
				50976D4B25509BD700221EDF /* Array+Identifiable.swift */,
				50976D4D2550ACD100221EDF /* Array+Only.swift */,
				50694E31254B2F3600DDA3B1 /* AppDelegate.swift */,
				50694E33254B2F3600DDA3B1 /* SceneDelegate.swift */,
				50694E37254B2F3C00DDA3B1 /* Assets.xcassets */,
				50694E3C254B2F3C00DDA3B1 /* LaunchScreen.storyboard */,
				50694E3F254B2F3C00DDA3B1 /* Info.plist */,
				50694E39254B2F3C00DDA3B1 /* Preview Content */,
			);
			path = Memorize;
			sourceTree = "<group>";
		};
		50694E39254B2F3C00DDA3B1 /* Preview Content */ = {
			isa = PBXGroup;
			children = (
				50694E3A254B2F3C00DDA3B1 /* Preview Assets.xcassets */,
			);
			path = "Preview Content";
			sourceTree = "<group>";
		};
/* End PBXGroup section */

/* Begin PBXNativeTarget section */
		50694E2D254B2F3600DDA3B1 /* Memorize */ = {
			isa = PBXNativeTarget;
			buildConfigurationList = 50694E42254B2F3C00DDA3B1 /* Build configuration list for PBXNativeTarget "Memorize" */;
			buildPhases = (
				50694E2A254B2F3600DDA3B1 /* Sources */,
				50694E2B254B2F3600DDA3B1 /* Frameworks */,
				50694E2C254B2F3600DDA3B1 /* Resources */,
			);
			buildRules = (
			);
			dependencies = (
			);
			name = Memorize;
			productName = Memorize;
			productReference = 50694E2E254B2F3600DDA3B1 /* Memorize.app */;
			productType = "com.apple.product-type.application";
		};
/* End PBXNativeTarget section */

/* Begin PBXProject section */
		50694E26254B2F3600DDA3B1 /* Project object */ = {
			isa = PBXProject;
			attributes = {
				LastSwiftUpdateCheck = 1170;
				LastUpgradeCheck = 1170;
				ORGANIZATIONNAME = "Pascal Hostettler";
				TargetAttributes = {
					50694E2D254B2F3600DDA3B1 = {
						CreatedOnToolsVersion = 11.7;
					};
				};
			};
			buildConfigurationList = 50694E29254B2F3600DDA3B1 /* Build configuration list for PBXProject "Memorize" */;
			compatibilityVersion = "Xcode 9.3";
			developmentRegion = en;
			hasScannedForEncodings = 0;
			knownRegions = (
				en,
				Base,
			);
			mainGroup = 50694E25254B2F3600DDA3B1;
			productRefGroup = 50694E2F254B2F3600DDA3B1 /* Products */;
			projectDirPath = "";
			projectRoot = "";
			targets = (
				50694E2D254B2F3600DDA3B1 /* Memorize */,
			);
		};
/* End PBXProject section */

/* Begin PBXResourcesBuildPhase section */
		50694E2C254B2F3600DDA3B1 /* Resources */ = {
			isa = PBXResourcesBuildPhase;
			buildActionMask = 2147483647;
			files = (
				50694E3E254B2F3C00DDA3B1 /* LaunchScreen.storyboard in Resources */,
				50694E3B254B2F3C00DDA3B1 /* Preview Assets.xcassets in Resources */,
				50694E38254B2F3C00DDA3B1 /* Assets.xcassets in Resources */,
			);
			runOnlyForDeploymentPostprocessing = 0;
		};
/* End PBXResourcesBuildPhase section */

/* Begin PBXSourcesBuildPhase section */
		50694E2A254B2F3600DDA3B1 /* Sources */ = {
			isa = PBXSourcesBuildPhase;
			buildActionMask = 2147483647;
			files = (
				502386402561CAC00049B9C3 /* Cardify.swift in Sources */,
				5023863E2561C4060049B9C3 /* Pie.swift in Sources */,
				50694E32254B2F3600DDA3B1 /* AppDelegate.swift in Sources */,
				50694E34254B2F3600DDA3B1 /* SceneDelegate.swift in Sources */,
				50976D4425501A6400221EDF /* MemoryGame.swift in Sources */,
				50976D4E2550ACD100221EDF /* Array+Only.swift in Sources */,
				50694E36254B2F3600DDA3B1 /* EmojiMemoryGameView.swift in Sources */,
				50976D4625501BB500221EDF /* EmojiMemoryGame.swift in Sources */,
				50976D4C25509BD700221EDF /* Array+Identifiable.swift in Sources */,
				50976D4A2550980300221EDF /* GridLayout.swift in Sources */,
				50976D482550932A00221EDF /* Grid.swift in Sources */,
			);
			runOnlyForDeploymentPostprocessing = 0;
		};
/* End PBXSourcesBuildPhase section */

/* Begin PBXVariantGroup section */
		50694E3C254B2F3C00DDA3B1 /* LaunchScreen.storyboard */ = {
			isa = PBXVariantGroup;
			children = (
				50694E3D254B2F3C00DDA3B1 /* Base */,
			);
			name = LaunchScreen.storyboard;
			sourceTree = "<group>";
		};
/* End PBXVariantGroup section */

/* Begin XCBuildConfiguration section */
		50694E40254B2F3C00DDA3B1 /* Debug */ = {
			isa = XCBuildConfiguration;
			buildSettings = {
				ALWAYS_SEARCH_USER_PATHS = NO;
				CLANG_ANALYZER_NONNULL = YES;
				CLANG_ANALYZER_NUMBER_OBJECT_CONVERSION = YES_AGGRESSIVE;
				CLANG_CXX_LANGUAGE_STANDARD = "gnu++14";
				CLANG_CXX_LIBRARY = "libc++";
				CLANG_ENABLE_MODULES = YES;
				CLANG_ENABLE_OBJC_ARC = YES;
				CLANG_ENABLE_OBJC_WEAK = YES;
				CLANG_WARN_BLOCK_CAPTURE_AUTORELEASING = YES;
				CLANG_WARN_BOOL_CONVERSION = YES;
				CLANG_WARN_COMMA = YES;
				CLANG_WARN_CONSTANT_CONVERSION = YES;
				CLANG_WARN_DEPRECATED_OBJC_IMPLEMENTATIONS = YES;
				CLANG_WARN_DIRECT_OBJC_ISA_USAGE = YES_ERROR;
				CLANG_WARN_DOCUMENTATION_COMMENTS = YES;
				CLANG_WARN_EMPTY_BODY = YES;
				CLANG_WARN_ENUM_CONVERSION = YES;
				CLANG_WARN_INFINITE_RECURSION = YES;
				CLANG_WARN_INT_CONVERSION = YES;
				CLANG_WARN_NON_LITERAL_NULL_CONVERSION = YES;
				CLANG_WARN_OBJC_IMPLICIT_RETAIN_SELF = YES;
				CLANG_WARN_OBJC_LITERAL_CONVERSION = YES;
				CLANG_WARN_OBJC_ROOT_CLASS = YES_ERROR;
				CLANG_WARN_RANGE_LOOP_ANALYSIS = YES;
				CLANG_WARN_STRICT_PROTOTYPES = YES;
				CLANG_WARN_SUSPICIOUS_MOVE = YES;
				CLANG_WARN_UNGUARDED_AVAILABILITY = YES_AGGRESSIVE;
				CLANG_WARN_UNREACHABLE_CODE = YES;
				CLANG_WARN__DUPLICATE_METHOD_MATCH = YES;
				COPY_PHASE_STRIP = NO;
				DEBUG_INFORMATION_FORMAT = dwarf;
				ENABLE_STRICT_OBJC_MSGSEND = YES;
				ENABLE_TESTABILITY = YES;
				GCC_C_LANGUAGE_STANDARD = gnu11;
				GCC_DYNAMIC_NO_PIC = NO;
				GCC_NO_COMMON_BLOCKS = YES;
				GCC_OPTIMIZATION_LEVEL = 0;
				GCC_PREPROCESSOR_DEFINITIONS = (
					"DEBUG=1",
					"$(inherited)",
				);
				GCC_WARN_64_TO_32_BIT_CONVERSION = YES;
				GCC_WARN_ABOUT_RETURN_TYPE = YES_ERROR;
				GCC_WARN_UNDECLARED_SELECTOR = YES;
				GCC_WARN_UNINITIALIZED_AUTOS = YES_AGGRESSIVE;
				GCC_WARN_UNUSED_FUNCTION = YES;
				GCC_WARN_UNUSED_VARIABLE = YES;
				IPHONEOS_DEPLOYMENT_TARGET = 13.7;
				MTL_ENABLE_DEBUG_INFO = INCLUDE_SOURCE;
				MTL_FAST_MATH = YES;
				ONLY_ACTIVE_ARCH = YES;
				SDKROOT = iphoneos;
				SWIFT_ACTIVE_COMPILATION_CONDITIONS = DEBUG;
				SWIFT_OPTIMIZATION_LEVEL = "-Onone";
			};
			name = Debug;
		};
		50694E41254B2F3C00DDA3B1 /* Release */ = {
			isa = XCBuildConfiguration;
			buildSettings = {
				ALWAYS_SEARCH_USER_PATHS = NO;
				CLANG_ANALYZER_NONNULL = YES;
				CLANG_ANALYZER_NUMBER_OBJECT_CONVERSION = YES_AGGRESSIVE;
				CLANG_CXX_LANGUAGE_STANDARD = "gnu++14";
				CLANG_CXX_LIBRARY = "libc++";
				CLANG_ENABLE_MODULES = YES;
				CLANG_ENABLE_OBJC_ARC = YES;
				CLANG_ENABLE_OBJC_WEAK = YES;
				CLANG_WARN_BLOCK_CAPTURE_AUTORELEASING = YES;
				CLANG_WARN_BOOL_CONVERSION = YES;
				CLANG_WARN_COMMA = YES;
				CLANG_WARN_CONSTANT_CONVERSION = YES;
				CLANG_WARN_DEPRECATED_OBJC_IMPLEMENTATIONS = YES;
				CLANG_WARN_DIRECT_OBJC_ISA_USAGE = YES_ERROR;
				CLANG_WARN_DOCUMENTATION_COMMENTS = YES;
				CLANG_WARN_EMPTY_BODY = YES;
				CLANG_WARN_ENUM_CONVERSION = YES;
				CLANG_WARN_INFINITE_RECURSION = YES;
				CLANG_WARN_INT_CONVERSION = YES;
				CLANG_WARN_NON_LITERAL_NULL_CONVERSION = YES;
				CLANG_WARN_OBJC_IMPLICIT_RETAIN_SELF = YES;
				CLANG_WARN_OBJC_LITERAL_CONVERSION = YES;
				CLANG_WARN_OBJC_ROOT_CLASS = YES_ERROR;
				CLANG_WARN_RANGE_LOOP_ANALYSIS = YES;
				CLANG_WARN_STRICT_PROTOTYPES = YES;
				CLANG_WARN_SUSPICIOUS_MOVE = YES;
				CLANG_WARN_UNGUARDED_AVAILABILITY = YES_AGGRESSIVE;
				CLANG_WARN_UNREACHABLE_CODE = YES;
				CLANG_WARN__DUPLICATE_METHOD_MATCH = YES;
				COPY_PHASE_STRIP = NO;
				DEBUG_INFORMATION_FORMAT = "dwarf-with-dsym";
				ENABLE_NS_ASSERTIONS = NO;
				ENABLE_STRICT_OBJC_MSGSEND = YES;
				GCC_C_LANGUAGE_STANDARD = gnu11;
				GCC_NO_COMMON_BLOCKS = YES;
				GCC_WARN_64_TO_32_BIT_CONVERSION = YES;
				GCC_WARN_ABOUT_RETURN_TYPE = YES_ERROR;
				GCC_WARN_UNDECLARED_SELECTOR = YES;
				GCC_WARN_UNINITIALIZED_AUTOS = YES_AGGRESSIVE;
				GCC_WARN_UNUSED_FUNCTION = YES;
				GCC_WARN_UNUSED_VARIABLE = YES;
				IPHONEOS_DEPLOYMENT_TARGET = 13.7;
				MTL_ENABLE_DEBUG_INFO = NO;
				MTL_FAST_MATH = YES;
				SDKROOT = iphoneos;
				SWIFT_COMPILATION_MODE = wholemodule;
				SWIFT_OPTIMIZATION_LEVEL = "-O";
				VALIDATE_PRODUCT = YES;
			};
			name = Release;
		};
		50694E43254B2F3C00DDA3B1 /* Debug */ = {
			isa = XCBuildConfiguration;
			buildSettings = {
				ASSETCATALOG_COMPILER_APPICON_NAME = AppIcon;
				CODE_SIGN_STYLE = Automatic;
				DEVELOPMENT_ASSET_PATHS = "\"Memorize/Preview Content\"";
				DEVELOPMENT_TEAM = PQ9U3THB3C;
				ENABLE_PREVIEWS = YES;
				INFOPLIST_FILE = Memorize/Info.plist;
				LD_RUNPATH_SEARCH_PATHS = (
					"$(inherited)",
					"@executable_path/Frameworks",
				);
				PRODUCT_BUNDLE_IDENTIFIER = ch.pascalhostettler.Memorize;
				PRODUCT_NAME = "$(TARGET_NAME)";
				SWIFT_VERSION = 5.0;
				TARGETED_DEVICE_FAMILY = "1,2";
			};
			name = Debug;
		};
		50694E44254B2F3C00DDA3B1 /* Release */ = {
			isa = XCBuildConfiguration;
			buildSettings = {
				ASSETCATALOG_COMPILER_APPICON_NAME = AppIcon;
				CODE_SIGN_STYLE = Automatic;
				DEVELOPMENT_ASSET_PATHS = "\"Memorize/Preview Content\"";
				DEVELOPMENT_TEAM = PQ9U3THB3C;
				ENABLE_PREVIEWS = YES;
				INFOPLIST_FILE = Memorize/Info.plist;
				LD_RUNPATH_SEARCH_PATHS = (
					"$(inherited)",
					"@executable_path/Frameworks",
				);
				PRODUCT_BUNDLE_IDENTIFIER = ch.pascalhostettler.Memorize;
				PRODUCT_NAME = "$(TARGET_NAME)";
				SWIFT_VERSION = 5.0;
				TARGETED_DEVICE_FAMILY = "1,2";
			};
			name = Release;
		};
/* End XCBuildConfiguration section */

/* Begin XCConfigurationList section */
		50694E29254B2F3600DDA3B1 /* Build configuration list for PBXProject "Memorize" */ = {
			isa = XCConfigurationList;
			buildConfigurations = (
				50694E40254B2F3C00DDA3B1 /* Debug */,
				50694E41254B2F3C00DDA3B1 /* Release */,
			);
			defaultConfigurationIsVisible = 0;
			defaultConfigurationName = Release;
		};
		50694E42254B2F3C00DDA3B1 /* Build configuration list for PBXNativeTarget "Memorize" */ = {
			isa = XCConfigurationList;
			buildConfigurations = (
				50694E43254B2F3C00DDA3B1 /* Debug */,
				50694E44254B2F3C00DDA3B1 /* Release */,
			);
			defaultConfigurationIsVisible = 0;
			defaultConfigurationName = Release;
		};
/* End XCConfigurationList section */
	};
	rootObject = 50694E26254B2F3600DDA3B1 /* Project object */;
}
